
Microsoft Visual Studio Solution File, Format Version 12.00
# Visual Studio Version 17
VisualStudioVersion = 17.0.31903.59
MinimumVisualStudioVersion = 10.0.40219.1
Project("{FAE04EC0-301F-11D3-BF4B-00C04F79EFBC}") = "Modique.API", "Modique.API\Modique.API.csproj", "{B03E0C7B-2D0C-40D3-9E7B-E8FA39EB15ED}"
EndProject
Project("{FAE04EC0-301F-11D3-BF4B-00C04F79EFBC}") = "Modique.Application", "Modique.Application\Modique.Application.csproj", "{085EBA9C-F8C1-41AE-9283-60F20E6ABB5E}"
EndProject
Project("{FAE04EC0-301F-11D3-BF4B-00C04F79EFBC}") = "Modique.Domain", "Modique.Domain\Modique.Domain.csproj", "{467D0F73-21E1-4C99-9737-D5DEEEA00DF2}"
EndProject
Project("{FAE04EC0-301F-11D3-BF4B-00C04F79EFBC}") = "Modique.Infrastructure", "Modique.Infrastructure\Modique.Infrastructure.csproj", "{874D40CE-9CA5-45EC-8A96-15A3F26018C7}"
EndProject
Global
	GlobalSection(SolutionConfigurationPlatforms) = preSolution
		Debug|Any CPU = Debug|Any CPU
		Release|Any CPU = Release|Any CPU
	EndGlobalSection
	GlobalSection(SolutionProperties) = preSolution
		HideSolutionNode = FALSE
	EndGlobalSection
	GlobalSection(ProjectConfigurationPlatforms) = postSolution
		{B03E0C7B-2D0C-40D3-9E7B-E8FA39EB15ED}.Debug|Any CPU.ActiveCfg = Debug|Any CPU
		{B03E0C7B-2D0C-40D3-9E7B-E8FA39EB15ED}.Debug|Any CPU.Build.0 = Debug|Any CPU
		{B03E0C7B-2D0C-40D3-9E7B-E8FA39EB15ED}.Release|Any CPU.ActiveCfg = Release|Any CPU
		{B03E0C7B-2D0C-40D3-9E7B-E8FA39EB15ED}.Release|Any CPU.Build.0 = Release|Any CPU
		{085EBA9C-F8C1-41AE-9283-60F20E6ABB5E}.Debug|Any CPU.ActiveCfg = Debug|Any CPU
		{085EBA9C-F8C1-41AE-9283-60F20E6ABB5E}.Debug|Any CPU.Build.0 = Debug|Any CPU
		{085EBA9C-F8C1-41AE-9283-60F20E6ABB5E}.Release|Any CPU.ActiveCfg = Release|Any CPU
		{085EBA9C-F8C1-41AE-9283-60F20E6ABB5E}.Release|Any CPU.Build.0 = Release|Any CPU
		{467D0F73-21E1-4C99-9737-D5DEEEA00DF2}.Debug|Any CPU.ActiveCfg = Debug|Any CPU
		{467D0F73-21E1-4C99-9737-D5DEEEA00DF2}.Debug|Any CPU.Build.0 = Debug|Any CPU
		{467D0F73-21E1-4C99-9737-D5DEEEA00DF2}.Release|Any CPU.ActiveCfg = Release|Any CPU
		{467D0F73-21E1-4C99-9737-D5DEEEA00DF2}.Release|Any CPU.Build.0 = Release|Any CPU
		{874D40CE-9CA5-45EC-8A96-15A3F26018C7}.Debug|Any CPU.ActiveCfg = Debug|Any CPU
		{874D40CE-9CA5-45EC-8A96-15A3F26018C7}.Debug|Any CPU.Build.0 = Debug|Any CPU
		{874D40CE-9CA5-45EC-8A96-15A3F26018C7}.Release|Any CPU.ActiveCfg = Release|Any CPU
		{874D40CE-9CA5-45EC-8A96-15A3F26018C7}.Release|Any CPU.Build.0 = Release|Any CPU
	EndGlobalSection
	GlobalSection(NestedProjects) = preSolution
	EndGlobalSection
EndGlobal
